
Microsoft Visual Studio Solution File, Format Version 12.00
# Visual Studio 15
VisualStudioVersion = 15.0.28010.2046
MinimumVisualStudioVersion = 10.0.40219.1
Project("{FAE04EC0-301F-11D3-BF4B-00C04F79EFBC}") = "MyOauth", "MyOauth\MyOauth.csproj", "{40DE670F-05D2-413D-9ADD-2027DD41B8CF}"
EndProject
Global
	GlobalSection(SolutionConfigurationPlatforms) = preSolution
		Debug|Any CPU = Debug|Any CPU
		Release|Any CPU = Release|Any CPU
	EndGlobalSection
	GlobalSection(ProjectConfigurationPlatforms) = postSolution
		{40DE670F-05D2-413D-9ADD-2027DD41B8CF}.Debug|Any CPU.ActiveCfg = Debug|Any CPU
		{40DE670F-05D2-413D-9ADD-2027DD41B8CF}.Debug|Any CPU.Build.0 = Debug|Any CPU
		{40DE670F-05D2-413D-9ADD-2027DD41B8CF}.Release|Any CPU.ActiveCfg = Release|Any CPU
		{40DE670F-05D2-413D-9ADD-2027DD41B8CF}.Release|Any CPU.Build.0 = Release|Any CPU
	EndGlobalSection
	GlobalSection(SolutionProperties) = preSolution
		HideSolutionNode = FALSE
	EndGlobalSection
	GlobalSection(ExtensibilityGlobals) = postSolution
		SolutionGuid = {AC15EB42-620C-441D-9944-DF916C821F7C}
	EndGlobalSection
EndGlobal
